// !$*UTF8*$!
{
	archiveVersion = 1;
	classes = {
	};
	objectVersion = 50;
	objects = {

/* Begin PBXBuildFile section */
		1C69C07B24DB12410096D81F /* AddMoneyViewController.swift in Sources */ = {isa = PBXBuildFile; fileRef = 1C69C07A24DB12400096D81F /* AddMoneyViewController.swift */; };
		1C87345C24DC1555001CD76C /* walletViewCell.swift in Sources */ = {isa = PBXBuildFile; fileRef = 1C87345B24DC1555001CD76C /* walletViewCell.swift */; };
		1CE3E00824DA8466009E8D5D /* AppDelegate.swift in Sources */ = {isa = PBXBuildFile; fileRef = 1CE3E00724DA8466009E8D5D /* AppDelegate.swift */; };
		1CE3E00A24DA8466009E8D5D /* ViewController.swift in Sources */ = {isa = PBXBuildFile; fileRef = 1CE3E00924DA8466009E8D5D /* ViewController.swift */; };
		1CE3E00D24DA8466009E8D5D /* Main.storyboard in Resources */ = {isa = PBXBuildFile; fileRef = 1CE3E00B24DA8466009E8D5D /* Main.storyboard */; };
		1CE3E01024DA8466009E8D5D /* TookanWallet.xcdatamodeld in Sources */ = {isa = PBXBuildFile; fileRef = 1CE3E00E24DA8466009E8D5D /* TookanWallet.xcdatamodeld */; };
		1CE3E01224DA8469009E8D5D /* Assets.xcassets in Resources */ = {isa = PBXBuildFile; fileRef = 1CE3E01124DA8469009E8D5D /* Assets.xcassets */; };
		1CE3E01524DA8469009E8D5D /* LaunchScreen.storyboard in Resources */ = {isa = PBXBuildFile; fileRef = 1CE3E01324DA8469009E8D5D /* LaunchScreen.storyboard */; };
		1CE3E02024DA8CC6009E8D5D /* WalletViewController.swift in Sources */ = {isa = PBXBuildFile; fileRef = 1CE3E01F24DA8CC6009E8D5D /* WalletViewController.swift */; };
/* End PBXBuildFile section */

/* Begin PBXFileReference section */
		1C69C07A24DB12400096D81F /* AddMoneyViewController.swift */ = {isa = PBXFileReference; lastKnownFileType = sourcecode.swift; path = AddMoneyViewController.swift; sourceTree = "<group>"; };
		1C87345B24DC1555001CD76C /* walletViewCell.swift */ = {isa = PBXFileReference; lastKnownFileType = sourcecode.swift; path = walletViewCell.swift; sourceTree = "<group>"; };
		1CE3E00424DA8466009E8D5D /* TookanWallet.app */ = {isa = PBXFileReference; explicitFileType = wrapper.application; includeInIndex = 0; path = TookanWallet.app; sourceTree = BUILT_PRODUCTS_DIR; };
		1CE3E00724DA8466009E8D5D /* AppDelegate.swift */ = {isa = PBXFileReference; lastKnownFileType = sourcecode.swift; path = AppDelegate.swift; sourceTree = "<group>"; };
		1CE3E00924DA8466009E8D5D /* ViewController.swift */ = {isa = PBXFileReference; lastKnownFileType = sourcecode.swift; path = ViewController.swift; sourceTree = "<group>"; };
		1CE3E00C24DA8466009E8D5D /* Base */ = {isa = PBXFileReference; lastKnownFileType = file.storyboard; name = Base; path = Base.lproj/Main.storyboard; sourceTree = "<group>"; };
		1CE3E00F24DA8466009E8D5D /* TookanWallet.xcdatamodel */ = {isa = PBXFileReference; lastKnownFileType = wrapper.xcdatamodel; path = TookanWallet.xcdatamodel; sourceTree = "<group>"; };
		1CE3E01124DA8469009E8D5D /* Assets.xcassets */ = {isa = PBXFileReference; lastKnownFileType = folder.assetcatalog; path = Assets.xcassets; sourceTree = "<group>"; };
		1CE3E01424DA8469009E8D5D /* Base */ = {isa = PBXFileReference; lastKnownFileType = file.storyboard; name = Base; path = Base.lproj/LaunchScreen.storyboard; sourceTree = "<group>"; };
		1CE3E01624DA8469009E8D5D /* Info.plist */ = {isa = PBXFileReference; lastKnownFileType = text.plist.xml; path = Info.plist; sourceTree = "<group>"; };
		1CE3E01F24DA8CC6009E8D5D /* WalletViewController.swift */ = {isa = PBXFileReference; lastKnownFileType = sourcecode.swift; path = WalletViewController.swift; sourceTree = "<group>"; };
/* End PBXFileReference section */

/* Begin PBXFrameworksBuildPhase section */
		1CE3E00124DA8466009E8D5D /* Frameworks */ = {
			isa = PBXFrameworksBuildPhase;
			buildActionMask = 2147483647;
			files = (
			);
			runOnlyForDeploymentPostprocessing = 0;
		};
/* End PBXFrameworksBuildPhase section */

/* Begin PBXGroup section */
		1CE3DFFB24DA8466009E8D5D = {
			isa = PBXGroup;
			children = (
				1CE3E00624DA8466009E8D5D /* TookanWallet */,
				1CE3E00524DA8466009E8D5D /* Products */,
			);
			sourceTree = "<group>";
		};
		1CE3E00524DA8466009E8D5D /* Products */ = {
			isa = PBXGroup;
			children = (
				1CE3E00424DA8466009E8D5D /* TookanWallet.app */,
			);
			name = Products;
			sourceTree = "<group>";
		};
		1CE3E00624DA8466009E8D5D /* TookanWallet */ = {
			isa = PBXGroup;
			children = (
				1CE3E01C24DA8480009E8D5D /* Model */,
				1CE3E01D24DA848F009E8D5D /* View */,
				1CE3E01E24DA84A0009E8D5D /* Controller */,
				1CE3E02124DABBD8009E8D5D /* TableViewCell */,
				1CE3E00B24DA8466009E8D5D /* Main.storyboard */,
				1CE3E00724DA8466009E8D5D /* AppDelegate.swift */,
				1CE3E01124DA8469009E8D5D /* Assets.xcassets */,
				1CE3E01324DA8469009E8D5D /* LaunchScreen.storyboard */,
				1CE3E01624DA8469009E8D5D /* Info.plist */,
				1CE3E00E24DA8466009E8D5D /* TookanWallet.xcdatamodeld */,
			);
			path = TookanWallet;
			sourceTree = "<group>";
		};
		1CE3E01C24DA8480009E8D5D /* Model */ = {
			isa = PBXGroup;
			children = (
			);
			path = Model;
			sourceTree = "<group>";
		};
		1CE3E01D24DA848F009E8D5D /* View */ = {
			isa = PBXGroup;
			children = (
			);
			path = View;
			sourceTree = "<group>";
		};
		1CE3E01E24DA84A0009E8D5D /* Controller */ = {
			isa = PBXGroup;
			children = (
				1CE3E01F24DA8CC6009E8D5D /* WalletViewController.swift */,
				1C69C07A24DB12400096D81F /* AddMoneyViewController.swift */,
				1CE3E00924DA8466009E8D5D /* ViewController.swift */,
			);
			path = Controller;
			sourceTree = "<group>";
		};
		1CE3E02124DABBD8009E8D5D /* TableViewCell */ = {
			isa = PBXGroup;
			children = (
				1C87345B24DC1555001CD76C /* walletViewCell.swift */,
			);
			path = TableViewCell;
			sourceTree = "<group>";
		};
/* End PBXGroup section */

/* Begin PBXNativeTarget section */
		1CE3E00324DA8466009E8D5D /* TookanWallet */ = {
			isa = PBXNativeTarget;
			buildConfigurationList = 1CE3E01924DA8469009E8D5D /* Build configuration list for PBXNativeTarget "TookanWallet" */;
			buildPhases = (
				1CE3E00024DA8466009E8D5D /* Sources */,
				1CE3E00124DA8466009E8D5D /* Frameworks */,
				1CE3E00224DA8466009E8D5D /* Resources */,
			);
			buildRules = (
			);
			dependencies = (
			);
			name = TookanWallet;
			productName = TookanWallet;
			productReference = 1CE3E00424DA8466009E8D5D /* TookanWallet.app */;
			productType = "com.apple.product-type.application";
		};
/* End PBXNativeTarget section */

/* Begin PBXProject section */
		1CE3DFFC24DA8466009E8D5D /* Project object */ = {
			isa = PBXProject;
			attributes = {
				LastSwiftUpdateCheck = 1020;
				LastUpgradeCheck = 1020;
				ORGANIZATIONNAME = "soc-admin";
				TargetAttributes = {
					1CE3E00324DA8466009E8D5D = {
						CreatedOnToolsVersion = 10.2.1;
					};
				};
			};
			buildConfigurationList = 1CE3DFFF24DA8466009E8D5D /* Build configuration list for PBXProject "TookanWallet" */;
			compatibilityVersion = "Xcode 9.3";
			developmentRegion = en;
			hasScannedForEncodings = 0;
			knownRegions = (
				en,
				Base,
			);
			mainGroup = 1CE3DFFB24DA8466009E8D5D;
			productRefGroup = 1CE3E00524DA8466009E8D5D /* Products */;
			projectDirPath = "";
			projectRoot = "";
			targets = (
				1CE3E00324DA8466009E8D5D /* TookanWallet */,
			);
		};
/* End PBXProject section */

/* Begin PBXResourcesBuildPhase section */
		1CE3E00224DA8466009E8D5D /* Resources */ = {
			isa = PBXResourcesBuildPhase;
			buildActionMask = 2147483647;
			files = (
				1CE3E01524DA8469009E8D5D /* LaunchScreen.storyboard in Resources */,
				1CE3E01224DA8469009E8D5D /* Assets.xcassets in Resources */,
				1CE3E00D24DA8466009E8D5D /* Main.storyboard in Resources */,
			);
			runOnlyForDeploymentPostprocessing = 0;
		};
/* End PBXResourcesBuildPhase section */

/* Begin PBXSourcesBuildPhase section */
		1CE3E00024DA8466009E8D5D /* Sources */ = {
			isa = PBXSourcesBuildPhase;
			buildActionMask = 2147483647;
			files = (
				1CE3E01024DA8466009E8D5D /* TookanWallet.xcdatamodeld in Sources */,
				1C87345C24DC1555001CD76C /* walletViewCell.swift in Sources */,
				1CE3E02024DA8CC6009E8D5D /* WalletViewController.swift in Sources */,
				1CE3E00A24DA8466009E8D5D /* ViewController.swift in Sources */,
				1CE3E00824DA8466009E8D5D /* AppDelegate.swift in Sources */,
				1C69C07B24DB12410096D81F /* AddMoneyViewController.swift in Sources */,
			);
			runOnlyForDeploymentPostprocessing = 0;
		};
/* End PBXSourcesBuildPhase section */

/* Begin PBXVariantGroup section */
		1CE3E00B24DA8466009E8D5D /* Main.storyboard */ = {
			isa = PBXVariantGroup;
			children = (
				1CE3E00C24DA8466009E8D5D /* Base */,
			);
			name = Main.storyboard;
			sourceTree = "<group>";
		};
		1CE3E01324DA8469009E8D5D /* LaunchScreen.storyboard */ = {
			isa = PBXVariantGroup;
			children = (
				1CE3E01424DA8469009E8D5D /* Base */,
			);
			name = LaunchScreen.storyboard;
			sourceTree = "<group>";
		};
/* End PBXVariantGroup section */

/* Begin XCBuildConfiguration section */
		1CE3E01724DA8469009E8D5D /* Debug */ = {
			isa = XCBuildConfiguration;
			buildSettings = {
				ALWAYS_SEARCH_USER_PATHS = NO;
				CLANG_ANALYZER_NONNULL = YES;
				CLANG_ANALYZER_NUMBER_OBJECT_CONVERSION = YES_AGGRESSIVE;
				CLANG_CXX_LANGUAGE_STANDARD = "gnu++14";
				CLANG_CXX_LIBRARY = "libc++";
				CLANG_ENABLE_MODULES = YES;
				CLANG_ENABLE_OBJC_ARC = YES;
				CLANG_ENABLE_OBJC_WEAK = YES;
				CLANG_WARN_BLOCK_CAPTURE_AUTORELEASING = YES;
				CLANG_WARN_BOOL_CONVERSION = YES;
				CLANG_WARN_COMMA = YES;
				CLANG_WARN_CONSTANT_CONVERSION = YES;
				CLANG_WARN_DEPRECATED_OBJC_IMPLEMENTATIONS = YES;
				CLANG_WARN_DIRECT_OBJC_ISA_USAGE = YES_ERROR;
				CLANG_WARN_DOCUMENTATION_COMMENTS = YES;
				CLANG_WARN_EMPTY_BODY = YES;
				CLANG_WARN_ENUM_CONVERSION = YES;
				CLANG_WARN_INFINITE_RECURSION = YES;
				CLANG_WARN_INT_CONVERSION = YES;
				CLANG_WARN_NON_LITERAL_NULL_CONVERSION = YES;
				CLANG_WARN_OBJC_IMPLICIT_RETAIN_SELF = YES;
				CLANG_WARN_OBJC_LITERAL_CONVERSION = YES;
				CLANG_WARN_OBJC_ROOT_CLASS = YES_ERROR;
				CLANG_WARN_RANGE_LOOP_ANALYSIS = YES;
				CLANG_WARN_STRICT_PROTOTYPES = YES;
				CLANG_WARN_SUSPICIOUS_MOVE = YES;
				CLANG_WARN_UNGUARDED_AVAILABILITY = YES_AGGRESSIVE;
				CLANG_WARN_UNREACHABLE_CODE = YES;
				CLANG_WARN__DUPLICATE_METHOD_MATCH = YES;
				CODE_SIGN_IDENTITY = "iPhone Developer";
				COPY_PHASE_STRIP = NO;
				DEBUG_INFORMATION_FORMAT = dwarf;
				ENABLE_STRICT_OBJC_MSGSEND = YES;
				ENABLE_TESTABILITY = YES;
				GCC_C_LANGUAGE_STANDARD = gnu11;
				GCC_DYNAMIC_NO_PIC = NO;
				GCC_NO_COMMON_BLOCKS = YES;
				GCC_OPTIMIZATION_LEVEL = 0;
				GCC_PREPROCESSOR_DEFINITIONS = (
					"DEBUG=1",
					"$(inherited)",
				);
				GCC_WARN_64_TO_32_BIT_CONVERSION = YES;
				GCC_WARN_ABOUT_RETURN_TYPE = YES_ERROR;
				GCC_WARN_UNDECLARED_SELECTOR = YES;
				GCC_WARN_UNINITIALIZED_AUTOS = YES_AGGRESSIVE;
				GCC_WARN_UNUSED_FUNCTION = YES;
				GCC_WARN_UNUSED_VARIABLE = YES;
				IPHONEOS_DEPLOYMENT_TARGET = 12.2;
				MTL_ENABLE_DEBUG_INFO = INCLUDE_SOURCE;
				MTL_FAST_MATH = YES;
				ONLY_ACTIVE_ARCH = YES;
				SDKROOT = iphoneos;
				SWIFT_ACTIVE_COMPILATION_CONDITIONS = DEBUG;
				SWIFT_OPTIMIZATION_LEVEL = "-Onone";
			};
			name = Debug;
		};
		1CE3E01824DA8469009E8D5D /* Release */ = {
			isa = XCBuildConfiguration;
			buildSettings = {
				ALWAYS_SEARCH_USER_PATHS = NO;
				CLANG_ANALYZER_NONNULL = YES;
				CLANG_ANALYZER_NUMBER_OBJECT_CONVERSION = YES_AGGRESSIVE;
				CLANG_CXX_LANGUAGE_STANDARD = "gnu++14";
				CLANG_CXX_LIBRARY = "libc++";
				CLANG_ENABLE_MODULES = YES;
				CLANG_ENABLE_OBJC_ARC = YES;
				CLANG_ENABLE_OBJC_WEAK = YES;
				CLANG_WARN_BLOCK_CAPTURE_AUTORELEASING = YES;
				CLANG_WARN_BOOL_CONVERSION = YES;
				CLANG_WARN_COMMA = YES;
				CLANG_WARN_CONSTANT_CONVERSION = YES;
				CLANG_WARN_DEPRECATED_OBJC_IMPLEMENTATIONS = YES;
				CLANG_WARN_DIRECT_OBJC_ISA_USAGE = YES_ERROR;
				CLANG_WARN_DOCUMENTATION_COMMENTS = YES;
				CLANG_WARN_EMPTY_BODY = YES;
				CLANG_WARN_ENUM_CONVERSION = YES;
				CLANG_WARN_INFINITE_RECURSION = YES;
				CLANG_WARN_INT_CONVERSION = YES;
				CLANG_WARN_NON_LITERAL_NULL_CONVERSION = YES;
				CLANG_WARN_OBJC_IMPLICIT_RETAIN_SELF = YES;
				CLANG_WARN_OBJC_LITERAL_CONVERSION = YES;
				CLANG_WARN_OBJC_ROOT_CLASS = YES_ERROR;
				CLANG_WARN_RANGE_LOOP_ANALYSIS = YES;
				CLANG_WARN_STRICT_PROTOTYPES = YES;
				CLANG_WARN_SUSPICIOUS_MOVE = YES;
				CLANG_WARN_UNGUARDED_AVAILABILITY = YES_AGGRESSIVE;
				CLANG_WARN_UNREACHABLE_CODE = YES;
				CLANG_WARN__DUPLICATE_METHOD_MATCH = YES;
				CODE_SIGN_IDENTITY = "iPhone Developer";
				COPY_PHASE_STRIP = NO;
				DEBUG_INFORMATION_FORMAT = "dwarf-with-dsym";
				ENABLE_NS_ASSERTIONS = NO;
				ENABLE_STRICT_OBJC_MSGSEND = YES;
				GCC_C_LANGUAGE_STANDARD = gnu11;
				GCC_NO_COMMON_BLOCKS = YES;
				GCC_WARN_64_TO_32_BIT_CONVERSION = YES;
				GCC_WARN_ABOUT_RETURN_TYPE = YES_ERROR;
				GCC_WARN_UNDECLARED_SELECTOR = YES;
				GCC_WARN_UNINITIALIZED_AUTOS = YES_AGGRESSIVE;
				GCC_WARN_UNUSED_FUNCTION = YES;
				GCC_WARN_UNUSED_VARIABLE = YES;
				IPHONEOS_DEPLOYMENT_TARGET = 12.2;
				MTL_ENABLE_DEBUG_INFO = NO;
				MTL_FAST_MATH = YES;
				SDKROOT = iphoneos;
				SWIFT_COMPILATION_MODE = wholemodule;
				SWIFT_OPTIMIZATION_LEVEL = "-O";
				VALIDATE_PRODUCT = YES;
			};
			name = Release;
		};
		1CE3E01A24DA8469009E8D5D /* Debug */ = {
			isa = XCBuildConfiguration;
			buildSettings = {
				ASSETCATALOG_COMPILER_APPICON_NAME = AppIcon;
				CODE_SIGN_STYLE = Automatic;
				INFOPLIST_FILE = TookanWallet/Info.plist;
				LD_RUNPATH_SEARCH_PATHS = (
					"$(inherited)",
					"@executable_path/Frameworks",
				);
				PRODUCT_BUNDLE_IDENTIFIER = sad.TookanWallet;
				PRODUCT_NAME = "$(TARGET_NAME)";
				SWIFT_VERSION = 5.0;
				TARGETED_DEVICE_FAMILY = "1,2";
			};
			name = Debug;
		};
		1CE3E01B24DA8469009E8D5D /* Release */ = {
			isa = XCBuildConfiguration;
			buildSettings = {
				ASSETCATALOG_COMPILER_APPICON_NAME = AppIcon;
				CODE_SIGN_STYLE = Automatic;
				INFOPLIST_FILE = TookanWallet/Info.plist;
				LD_RUNPATH_SEARCH_PATHS = (
					"$(inherited)",
					"@executable_path/Frameworks",
				);
				PRODUCT_BUNDLE_IDENTIFIER = sad.TookanWallet;
				PRODUCT_NAME = "$(TARGET_NAME)";
				SWIFT_VERSION = 5.0;
				TARGETED_DEVICE_FAMILY = "1,2";
			};
			name = Release;
		};
/* End XCBuildConfiguration section */

/* Begin XCConfigurationList section */
		1CE3DFFF24DA8466009E8D5D /* Build configuration list for PBXProject "TookanWallet" */ = {
			isa = XCConfigurationList;
			buildConfigurations = (
				1CE3E01724DA8469009E8D5D /* Debug */,
				1CE3E01824DA8469009E8D5D /* Release */,
			);
			defaultConfigurationIsVisible = 0;
			defaultConfigurationName = Release;
		};
		1CE3E01924DA8469009E8D5D /* Build configuration list for PBXNativeTarget "TookanWallet" */ = {
			isa = XCConfigurationList;
			buildConfigurations = (
				1CE3E01A24DA8469009E8D5D /* Debug */,
				1CE3E01B24DA8469009E8D5D /* Release */,
			);
			defaultConfigurationIsVisible = 0;
			defaultConfigurationName = Release;
		};
/* End XCConfigurationList section */

/* Begin XCVersionGroup section */
		1CE3E00E24DA8466009E8D5D /* TookanWallet.xcdatamodeld */ = {
			isa = XCVersionGroup;
			children = (
				1CE3E00F24DA8466009E8D5D /* TookanWallet.xcdatamodel */,
			);
			currentVersion = 1CE3E00F24DA8466009E8D5D /* TookanWallet.xcdatamodel */;
			path = TookanWallet.xcdatamodeld;
			sourceTree = "<group>";
			versionGroupType = wrapper.xcdatamodel;
		};
/* End XCVersionGroup section */
	};
	rootObject = 1CE3DFFC24DA8466009E8D5D /* Project object */;
}
